
Microsoft Visual Studio Solution File, Format Version 12.00
# Visual Studio Version 16
VisualStudioVersion = 16.0.29609.76
MinimumVisualStudioVersion = 10.0.40219.1
Project("{8BC9CEB8-8B4A-11D0-8D11-00A0C91BC942}") = "SoyuzKernel", "SoyuzKernel\SoyuzKernel.vcxproj", "{1C73C6E0-C936-4F39-BDEF-883443056F76}"
EndProject
Project("{8BC9CEB8-8B4A-11D0-8D11-00A0C91BC942}") = "SoyuzKernelWrapper", "SoyuzKernelWrapper\SoyuzKernelWrapper.vcxproj", "{273929F9-10A7-4979-91E3-E1EA0AD45105}"
EndProject
Project("{FAE04EC0-301F-11D3-BF4B-00C04F79EFBC}") = "SoyuzEngine", "SoyuzEngine\SoyuzEngine.csproj", "{BCCA4FBE-00C4-4534-A06B-1B5C99AD9FB1}"
EndProject
Project("{FAE04EC0-301F-11D3-BF4B-00C04F79EFBC}") = "TestProject", "TestProject\TestProject.csproj", "{595D5B6B-730D-4C72-B00E-BCE5F78D603C}"
EndProject
Global
	GlobalSection(SolutionConfigurationPlatforms) = preSolution
		Debug|Any CPU = Debug|Any CPU
		Debug|x64 = Debug|x64
		Debug|x86 = Debug|x86
		Release|Any CPU = Release|Any CPU
		Release|x64 = Release|x64
		Release|x86 = Release|x86
	EndGlobalSection
	GlobalSection(ProjectConfigurationPlatforms) = postSolution
		{1C73C6E0-C936-4F39-BDEF-883443056F76}.Debug|Any CPU.ActiveCfg = Debug|Win32
		{1C73C6E0-C936-4F39-BDEF-883443056F76}.Debug|x64.ActiveCfg = Debug|x64
		{1C73C6E0-C936-4F39-BDEF-883443056F76}.Debug|x64.Build.0 = Debug|x64
		{1C73C6E0-C936-4F39-BDEF-883443056F76}.Debug|x86.ActiveCfg = Debug|Win32
		{1C73C6E0-C936-4F39-BDEF-883443056F76}.Debug|x86.Build.0 = Debug|Win32
		{1C73C6E0-C936-4F39-BDEF-883443056F76}.Release|Any CPU.ActiveCfg = Release|Win32
		{1C73C6E0-C936-4F39-BDEF-883443056F76}.Release|x64.ActiveCfg = Release|x64
		{1C73C6E0-C936-4F39-BDEF-883443056F76}.Release|x64.Build.0 = Release|x64
		{1C73C6E0-C936-4F39-BDEF-883443056F76}.Release|x86.ActiveCfg = Release|Win32
		{1C73C6E0-C936-4F39-BDEF-883443056F76}.Release|x86.Build.0 = Release|Win32
		{273929F9-10A7-4979-91E3-E1EA0AD45105}.Debug|Any CPU.ActiveCfg = Debug|Win32
		{273929F9-10A7-4979-91E3-E1EA0AD45105}.Debug|x64.ActiveCfg = Debug|x64
		{273929F9-10A7-4979-91E3-E1EA0AD45105}.Debug|x64.Build.0 = Debug|x64
		{273929F9-10A7-4979-91E3-E1EA0AD45105}.Debug|x86.ActiveCfg = Debug|Win32
		{273929F9-10A7-4979-91E3-E1EA0AD45105}.Debug|x86.Build.0 = Debug|Win32
		{273929F9-10A7-4979-91E3-E1EA0AD45105}.Release|Any CPU.ActiveCfg = Release|Win32
		{273929F9-10A7-4979-91E3-E1EA0AD45105}.Release|x64.ActiveCfg = Release|x64
		{273929F9-10A7-4979-91E3-E1EA0AD45105}.Release|x64.Build.0 = Release|x64
		{273929F9-10A7-4979-91E3-E1EA0AD45105}.Release|x86.ActiveCfg = Release|Win32
		{273929F9-10A7-4979-91E3-E1EA0AD45105}.Release|x86.Build.0 = Release|Win32
		{BCCA4FBE-00C4-4534-A06B-1B5C99AD9FB1}.Debug|Any CPU.ActiveCfg = Debug|Any CPU
		{BCCA4FBE-00C4-4534-A06B-1B5C99AD9FB1}.Debug|Any CPU.Build.0 = Debug|Any CPU
		{BCCA4FBE-00C4-4534-A06B-1B5C99AD9FB1}.Debug|x64.ActiveCfg = Debug|Any CPU
		{BCCA4FBE-00C4-4534-A06B-1B5C99AD9FB1}.Debug|x64.Build.0 = Debug|Any CPU
		{BCCA4FBE-00C4-4534-A06B-1B5C99AD9FB1}.Debug|x86.ActiveCfg = Debug|Any CPU
		{BCCA4FBE-00C4-4534-A06B-1B5C99AD9FB1}.Debug|x86.Build.0 = Debug|Any CPU
		{BCCA4FBE-00C4-4534-A06B-1B5C99AD9FB1}.Release|Any CPU.ActiveCfg = Release|Any CPU
		{BCCA4FBE-00C4-4534-A06B-1B5C99AD9FB1}.Release|Any CPU.Build.0 = Release|Any CPU
		{BCCA4FBE-00C4-4534-A06B-1B5C99AD9FB1}.Release|x64.ActiveCfg = Release|Any CPU
		{BCCA4FBE-00C4-4534-A06B-1B5C99AD9FB1}.Release|x64.Build.0 = Release|Any CPU
		{BCCA4FBE-00C4-4534-A06B-1B5C99AD9FB1}.Release|x86.ActiveCfg = Release|Any CPU
		{BCCA4FBE-00C4-4534-A06B-1B5C99AD9FB1}.Release|x86.Build.0 = Release|Any CPU
		{595D5B6B-730D-4C72-B00E-BCE5F78D603C}.Debug|Any CPU.ActiveCfg = Debug|Any CPU
		{595D5B6B-730D-4C72-B00E-BCE5F78D603C}.Debug|Any CPU.Build.0 = Debug|Any CPU
		{595D5B6B-730D-4C72-B00E-BCE5F78D603C}.Debug|x64.ActiveCfg = Debug|Any CPU
		{595D5B6B-730D-4C72-B00E-BCE5F78D603C}.Debug|x64.Build.0 = Debug|Any CPU
		{595D5B6B-730D-4C72-B00E-BCE5F78D603C}.Debug|x86.ActiveCfg = Debug|Any CPU
		{595D5B6B-730D-4C72-B00E-BCE5F78D603C}.Debug|x86.Build.0 = Debug|Any CPU
		{595D5B6B-730D-4C72-B00E-BCE5F78D603C}.Release|Any CPU.ActiveCfg = Release|Any CPU
		{595D5B6B-730D-4C72-B00E-BCE5F78D603C}.Release|Any CPU.Build.0 = Release|Any CPU
		{595D5B6B-730D-4C72-B00E-BCE5F78D603C}.Release|x64.ActiveCfg = Release|Any CPU
		{595D5B6B-730D-4C72-B00E-BCE5F78D603C}.Release|x64.Build.0 = Release|Any CPU
		{595D5B6B-730D-4C72-B00E-BCE5F78D603C}.Release|x86.ActiveCfg = Release|Any CPU
		{595D5B6B-730D-4C72-B00E-BCE5F78D603C}.Release|x86.Build.0 = Release|Any CPU
	EndGlobalSection
	GlobalSection(SolutionProperties) = preSolution
		HideSolutionNode = FALSE
	EndGlobalSection
	GlobalSection(ExtensibilityGlobals) = postSolution
		SolutionGuid = {1EFE03D3-C7F6-4DCB-99C0-349AD13846AA}
	EndGlobalSection
EndGlobal
